# This file is autogenerated, do not edit; changes may be undone by the next 'dep ensure'.


[[projects]]
  branch = "master"
  digest = "1:b53f288b5bfe4797859d4ab4d0c296036c0113a4e0932731de7384baf4a0abb5"
  name = "github.com/Nitro/filecache"
  packages = ["."]
  pruneopts = ""
  revision = "9bd490e4827b3b4629f8c3a1f2cca216de4ecb5f"

[[projects]]
  branch = "v1"
  digest = "1:2aeeffe32253a6f88059bfabcfb4dd8fa60d6bf62d5d45cfc4f8936959fb33e5"
  name = "github.com/Nitro/lazypdf"
  packages = ["."]
  pruneopts = ""
  revision = "72f3c93a909e94cbc7e9d0a6a363faa8f76461ca"

[[projects]]
  branch = "master"
  digest = "1:39aae12bc516c199696dafdd156fa28c00dce09d1843a78b487509a4fee7529d"
  name = "github.com/Nitro/urlsign"
  packages = ["."]
  pruneopts = ""
  revision = "5c9420004fa4b421b0f7a14e914b16b4ccc4189a"

[[projects]]
  digest = "1:4f4796d7e6e8a6c1b4d91d0c8a60e2a1b7420ab5148655635e807eaab3ee5ed9"
  name = "github.com/aws/aws-sdk-go"
  packages = [
    "aws",
    "aws/awserr",
    "aws/awsutil",
    "aws/client",
    "aws/client/metadata",
    "aws/corehandlers",
    "aws/credentials",
    "aws/credentials/ec2rolecreds",
    "aws/credentials/endpointcreds",
    "aws/credentials/stscreds",
    "aws/csm",
    "aws/defaults",
    "aws/ec2metadata",
    "aws/endpoints",
    "aws/request",
    "aws/session",
    "aws/signer/v4",
    "internal/s3err",
    "internal/sdkio",
    "internal/sdkrand",
    "internal/sdkuri",
    "internal/shareddefaults",
    "private/protocol",
    "private/protocol/eventstream",
    "private/protocol/eventstream/eventstreamapi",
    "private/protocol/query",
    "private/protocol/query/queryutil",
    "private/protocol/rest",
    "private/protocol/restxml",
    "private/protocol/xml/xmlutil",
    "service/s3",
    "service/s3/s3iface",
    "service/s3/s3manager",
    "service/sts",
  ]
  pruneopts = ""
  revision = "572272ee7c4503c8a32f79ec16b959c9e8a211c3"
  version = "v1.15.55"

[[projects]]
  digest = "1:7b4b8c901568da024c49be7ff5e20fdecef629b60679c803041093823fb8d081"
  name = "github.com/djherbis/times"
  packages = ["."]
  pruneopts = ""
  revision = "95292e44976d1217cf3611dc7c8d9466877d3ed5"
  version = "v1.0.1"

[[projects]]
  digest = "1:3804b8bce830c0cdfc9fdc4bc782e70d897c7d5ac9301f148935bc49dffadf72"
  name = "github.com/go-ini/ini"
  packages = ["."]
  pruneopts = ""
  revision = "5b3e00af70a9484542169a976dcab8d03e601a17"
  version = "v1.30.0"

[[projects]]
  branch = "master"
  digest = "1:4058a4b8af43272f3041e992b5c3ffd288c88eef807d659a234f4e2dded8878f"
  name = "github.com/gopherjs/gopherjs"
  packages = ["js"]
  pruneopts = ""
  revision = "a0a7cfed7b2a54080888fd2b3d4a3ec14562c86c"

[[projects]]
  digest = "1:8d67570c1797f3144757d5f121c78ff0a7220e8841f14112bb532787162820f8"
  name = "github.com/gorilla/handlers"
  packages = ["."]
  pruneopts = ""
  revision = "a4043c62cc2329bacda331d33fc908ab11ef0ec3"
  version = "v1.2.1"

[[projects]]
  digest = "1:3313a63031ae281e5f6fd7b0bbca733dfa04d2429df86519e3b4d4c016ccb836"
  name = "github.com/hashicorp/golang-lru"
  packages = [
    ".",
    "simplelru",
  ]
  pruneopts = ""
  revision = "20f1fb78b0740ba8c3cb143a61e86ba5c8669768"
  version = "v0.5.0"

[[projects]]
  digest = "1:6f49eae0c1e5dab1dafafee34b207aeb7a42303105960944828c2079b92fc88e"
  name = "github.com/jmespath/go-jmespath"
  packages = ["."]
  pruneopts = ""
  revision = "0b12d6b5"

[[projects]]
  digest = "1:387bc9c583e744c448f77cd90d0551634fc682d0af505d2fa955243a73f37c24"
  name = "github.com/jtolds/gls"
  packages = ["."]
  pruneopts = ""
  revision = "b4936e06046bbecbb94cae9c18127ebe510a2cb9"
  version = "v4.20"

[[projects]]
  digest = "1:b60a24f942c7031ece6c48bcab0b683c7d3d6aa9fd17e21459d9ae604da258fa"
  name = "github.com/kelseyhightower/envconfig"
  packages = ["."]
  pruneopts = ""
  revision = "f611eb38b3875cc3bd991ca91c51d06446afa14c"
  version = "v1.3.0"

[[projects]]
  digest = "1:6a874e3ddfb9db2b42bd8c85b6875407c702fa868eed20634ff489bc896ccfd3"
  name = "github.com/konsorten/go-windows-terminal-sequences"
  packages = ["."]
  pruneopts = ""
  revision = "5c8c8bd35d3832f5d134ae1e1e375b69a4d25242"
  version = "v1.0.1"

[[projects]]
  digest = "1:92b5b000c6c4acbb692162d247b4e9f5c7485aac6be5396df63601e80139b08f"
  name = "github.com/relistan/rubberneck"
  packages = ["."]
  pruneopts = ""
  revision = "4c696efeea6013864af139313af7c7492458fbbf"
  version = "v1.0.1"

[[projects]]
  digest = "1:5f48b818f16848d05cf74f4cbdd0cbe9e0dcddb3c459b4c510c6e2c8e1b4dff1"
  name = "github.com/sirupsen/logrus"
  packages = ["."]
  pruneopts = ""
  revision = "ad15b42461921f1fb3529b058c6786c6a45d5162"
  version = "v1.1.1"

[[projects]]
  digest = "1:fbf54e9f8cf26ea8e66dc1e0cc615663efa95af8c8d806125ff7f7bb7311b9e0"
  name = "github.com/smartystreets/assertions"
  packages = [
    ".",
    "internal/go-render/render",
    "internal/oglematchers",
  ]
  pruneopts = ""
  revision = "ff1918e1e5a13a74014644ae7c1e0ba2f791364d"
  version = "1.8.0"

[[projects]]
  digest = "1:dd808f0f1628ff85a1b54424d3e6a61c54a87353d5063b9b5c82ad360f0346d5"
  name = "github.com/smartystreets/goconvey"
  packages = [
    "convey",
    "convey/gotest",
    "convey/reporting",
  ]
  pruneopts = ""
  revision = "9e8dc3f972df6c8fcc0375ef492c24d0bb204857"
  version = "1.6.3"

[[projects]]
  branch = "master"
  digest = "1:f9609e4634988c25053812467a391401a1f53567bc789e280e741095add9dfeb"
  name = "github.com/yvasiyarov/go-metrics"
  packages = ["."]
  pruneopts = ""
  revision = "c25f46c4b94079672242ec48a545e7ca9ebe3aec"

[[projects]]
  digest = "1:93bccce5f4dd48713c167ab4cc69ba787b5a18a1dbde93287840cb59299ff52f"
  name = "github.com/yvasiyarov/gorelic"
  packages = ["."]
  pruneopts = ""
  revision = "635ca6035f2355e29fc558effa613d0d5867aac8"

[[projects]]
  branch = "master"
  digest = "1:a7b0faca08a05b9d47a6d7ae222230685556c2036663a7d1a648c241834b41b2"
  name = "github.com/yvasiyarov/newrelic_platform_go"
  packages = ["."]
  pruneopts = ""
  revision = "9c099fbc30e90de5bb5c5f94aa5fd08f2daeaacd"

[[projects]]
  branch = "master"
  digest = "1:d2438f1c85d855408197edcbac2ba137513738ccefbd12396b0af99d5449880b"
  name = "golang.org/x/crypto"
  packages = ["ssh/terminal"]
  pruneopts = ""
  revision = "9419663f5a44be8b34ca85f08abc5fe1be11f8a3"

[[projects]]
  branch = "master"
  digest = "1:592c05f04f63351794bf9ed84492a1057285bd82d0c1eb1972cc200345f00d95"
  name = "golang.org/x/sys"
  packages = [
    "unix",
    "windows",
  ]
  pruneopts = ""
  revision = "8dbc5d05d6edcc104950cc299a1ce6641235bc86"

[solve-meta]
  analyzer-name = "dep"
  analyzer-version = 1
  input-imports = [
    "github.com/Nitro/filecache",
    "github.com/Nitro/lazypdf",
    "github.com/Nitro/urlsign",
    "github.com/gorilla/handlers",
    "github.com/hashicorp/golang-lru",
    "github.com/kelseyhightower/envconfig",
    "github.com/relistan/rubberneck",
    "github.com/sirupsen/logrus",
    "github.com/smartystreets/goconvey/convey",
    "github.com/yvasiyarov/gorelic",
  ]
  solver-name = "gps-cdcl"
  solver-version = 1
