# This file is autogenerated, do not edit; changes may be undone by the next 'dep ensure'.


[[projects]]
  name = "github.com/Nitro/filecache"
  packages = ["."]
  revision = "7a63bd6792c23c7d5bb5739f10d834d99560c71f"

[[projects]]
  branch = "master"
  name = "github.com/Nitro/lazypdf"
  packages = ["."]
  revision = "5b60905bdf0a1e2a37ab1259b6a6a425a0364239"

[[projects]]
  branch = "master"
  name = "github.com/Nitro/memberlist"
  packages = ["."]
  revision = "cfac2b5cf519ec17fd0704afe1f80b9d7df2d60e"

[[projects]]
  branch = "master"
  name = "github.com/Nitro/ringman"
  packages = ["."]
  revision = "279942fb47f8da323f55c33556b92feedaae4033"

[[projects]]
  name = "github.com/Sirupsen/logrus"
  packages = ["."]
  revision = "4b6ea7319e214d98c938f12692336f7ca9348d6b"
  version = "v0.10.0"

[[projects]]
  name = "github.com/armon/go-metrics"
  packages = ["."]
  revision = "06b60999766278efd6d2b5d8418a58c3d5b99e87"

[[projects]]
  name = "github.com/aws/aws-sdk-go"
  packages = ["aws","aws/awserr","aws/awsutil","aws/client","aws/client/metadata","aws/corehandlers","aws/credentials","aws/credentials/ec2rolecreds","aws/defaults","aws/ec2metadata","aws/request","aws/session","private/endpoints","private/protocol","private/protocol/query","private/protocol/query/queryutil","private/protocol/rest","private/protocol/restxml","private/protocol/xml/xmlutil","private/signer/v4","private/waiter","service/s3","service/s3/s3iface","service/s3/s3manager"]
  revision = "7b35a1da3aa511856df95812d2851c1351e84cd2"
  version = "v1.1.21"

[[projects]]
  branch = "v1"
  name = "github.com/bsm/redeo"
  packages = [".","info"]
  revision = "7a1406ce38ffe267596088da9f1555092cfe4b49"

[[projects]]
  name = "github.com/go-ini/ini"
  packages = ["."]
  revision = "12f418cc7edc5a618a51407b7ac1f1f512139df3"
  version = "v1.11.0"

[[projects]]
  name = "github.com/gorilla/handlers"
  packages = ["."]
  revision = "b3aff83722cb2ae031a70cae984650e3a16cd20e"

[[projects]]
  branch = "master"
  name = "github.com/hashicorp/errwrap"
  packages = ["."]
  revision = "7554cd9344cec97297fa6649b055a8c98c2a1e55"

[[projects]]
  branch = "master"
  name = "github.com/hashicorp/go-msgpack"
  packages = ["codec"]
  revision = "fa3f63826f7c23912c15263591e65d54d080b458"

[[projects]]
  name = "github.com/hashicorp/go-multierror"
  packages = ["."]
  revision = "d30f09973e19c1dfcd120b2d9c4f168e68d6b5d5"

[[projects]]
  name = "github.com/hashicorp/go-sockaddr"
  packages = ["."]
  revision = "2d10d7c10258d11196c0ebf2943509e4afd06cd4"

[[projects]]
  branch = "master"
  name = "github.com/hashicorp/golang-lru"
  packages = [".","simplelru"]
  revision = "0a025b7e63adc15a622f29b0b2c4c3848243bbf6"

[[projects]]
  name = "github.com/jmespath/go-jmespath"
  packages = ["."]
  revision = "0b12d6b521d83fc7f755e7cfc1b1fbdd35a01a74"

[[projects]]
  name = "github.com/jtolds/gls"
  packages = ["."]
  revision = "9a4a02dbe491bef4bab3c24fd9f3087d6c4c6690"

[[projects]]
  name = "github.com/kelseyhightower/envconfig"
  packages = ["."]
  revision = "f611eb38b3875cc3bd991ca91c51d06446afa14c"
  version = "v1.3.0"

[[projects]]
  name = "github.com/miekg/dns"
  packages = ["."]
  revision = "5d001d020961ae1c184f9f8152fdc73810481677"

[[projects]]
  branch = "master"
  name = "github.com/relistan/go-director"
  packages = ["."]
  revision = "9273dae8c839a114aa4472165f84e057d5b12e09"

[[projects]]
  name = "github.com/relistan/rubberneck"
  packages = ["."]
  revision = "4c696efeea6013864af139313af7c7492458fbbf"
  version = "v1.0.1"

[[projects]]
  branch = "master"
  name = "github.com/sean-/seed"
  packages = ["."]
  revision = "e2103e2c35297fb7e17febb81e49b312087a2372"

[[projects]]
  name = "github.com/serialx/hashring"
  packages = ["."]
  revision = "88762898094ca9cde396a66046d220daa3ba08a2"

[[projects]]
  name = "github.com/smartystreets/assertions"
  packages = [".","internal/oglematchers"]
  revision = "edb6e295a22c57a2aa353b2f0729b6eff9f9f4b7"

[[projects]]
  name = "github.com/smartystreets/goconvey"
  packages = ["convey","convey/gotest","convey/reporting"]
  revision = "9e8dc3f972df6c8fcc0375ef492c24d0bb204857"
  version = "1.6.3"

[[projects]]
  name = "golang.org/x/sys"
  packages = ["unix"]
  revision = "002cbb5f952456d0c50e0d2aff17ea5eca716979"

[solve-meta]
  analyzer-name = "dep"
  analyzer-version = 1
  inputs-digest = "24e6ce19affed5dd5a6ca34eda04d02230f0f9dd2f6a5534fc2ef67178e9721d"
  solver-name = "gps-cdcl"
  solver-version = 1
